
Microsoft Visual Studio Solution File, Format Version 12.00
# Visual Studio Version 17
VisualStudioVersion = 17.14.36202.13 d17.14
MinimumVisualStudioVersion = 10.0.40219.1
Project("{FAE04EC0-301F-11D3-BF4B-00C04F79EFBC}") = "Lethal_Anti_Debugging", "Lethal_Anti_Debugging.csproj", "{DAFF73A9-7CEF-4BA3-B0B0-8CFC5E69A281}"
EndProject
Global
	GlobalSection(SolutionConfigurationPlatforms) = preSolution
		Debug|Any CPU = Debug|Any CPU
		Release|Any CPU = Release|Any CPU
	EndGlobalSection
	GlobalSection(ProjectConfigurationPlatforms) = postSolution
		{DAFF73A9-7CEF-4BA3-B0B0-8CFC5E69A281}.Debug|Any CPU.ActiveCfg = Debug|Any CPU
		{DAFF73A9-7CEF-4BA3-B0B0-8CFC5E69A281}.Debug|Any CPU.Build.0 = Debug|Any CPU
		{DAFF73A9-7CEF-4BA3-B0B0-8CFC5E69A281}.Release|Any CPU.ActiveCfg = Release|Any CPU
		{DAFF73A9-7CEF-4BA3-B0B0-8CFC5E69A281}.Release|Any CPU.Build.0 = Release|Any CPU
	EndGlobalSection
	GlobalSection(SolutionProperties) = preSolution
		HideSolutionNode = FALSE
	EndGlobalSection
	GlobalSection(ExtensibilityGlobals) = postSolution
		SolutionGuid = {CD5AAB6D-5AC2-49E6-8F9B-97FC60C63A09}
	EndGlobalSection
EndGlobal
