
Microsoft Visual Studio Solution File, Format Version 12.00
# Visual Studio Version 17
VisualStudioVersion = 17.13.35919.96 d17.13
MinimumVisualStudioVersion = 10.0.40219.1
Project("{FAE04EC0-301F-11D3-BF4B-00C04F79EFBC}") = "Lethal_Anti_Cheat", "Lethal_Anti_Cheat.csproj", "{194E21A9-E3A5-4EE4-BBDA-53C09DD0D146}"
EndProject
Global
	GlobalSection(SolutionConfigurationPlatforms) = preSolution
		Debug|Any CPU = Debug|Any CPU
		Release|Any CPU = Release|Any CPU
	EndGlobalSection
	GlobalSection(ProjectConfigurationPlatforms) = postSolution
		{194E21A9-E3A5-4EE4-BBDA-53C09DD0D146}.Debug|Any CPU.ActiveCfg = Debug|Any CPU
		{194E21A9-E3A5-4EE4-BBDA-53C09DD0D146}.Debug|Any CPU.Build.0 = Debug|Any CPU
		{194E21A9-E3A5-4EE4-BBDA-53C09DD0D146}.Release|Any CPU.ActiveCfg = Release|Any CPU
		{194E21A9-E3A5-4EE4-BBDA-53C09DD0D146}.Release|Any CPU.Build.0 = Release|Any CPU
	EndGlobalSection
	GlobalSection(SolutionProperties) = preSolution
		HideSolutionNode = FALSE
	EndGlobalSection
	GlobalSection(ExtensibilityGlobals) = postSolution
		SolutionGuid = {D0DE3AB2-757F-474D-9711-D64F1DCD28DD}
	EndGlobalSection
EndGlobal
